// !$*UTF8*$!
{
	archiveVersion = 1;
	classes = {
	};
	objectVersion = 46;
	objects = {

/* Begin PBXBuildFile section */
		B5E7B96E1C3E8E7300E6A488 /* main.m in Sources */ = {isa = PBXBuildFile; fileRef = B5E7B96D1C3E8E7300E6A488 /* main.m */; };
		B5E7B9711C3E8E7300E6A488 /* AppDelegate.m in Sources */ = {isa = PBXBuildFile; fileRef = B5E7B9701C3E8E7300E6A488 /* AppDelegate.m */; };
		B5E7B9741C3E8E7300E6A488 /* RootViewController.m in Sources */ = {isa = PBXBuildFile; fileRef = B5E7B9731C3E8E7300E6A488 /* RootViewController.m */; };
		B5E7B9771C3E8E7300E6A488 /* DataViewController.m in Sources */ = {isa = PBXBuildFile; fileRef = B5E7B9761C3E8E7300E6A488 /* DataViewController.m */; };
		B5E7B97A1C3E8E7300E6A488 /* ModelController.m in Sources */ = {isa = PBXBuildFile; fileRef = B5E7B9791C3E8E7300E6A488 /* ModelController.m */; };
		B5E7B97D1C3E8E7300E6A488 /* Main.storyboard in Resources */ = {isa = PBXBuildFile; fileRef = B5E7B97B1C3E8E7300E6A488 /* Main.storyboard */; };
		B5E7B97F1C3E8E7300E6A488 /* Assets.xcassets in Resources */ = {isa = PBXBuildFile; fileRef = B5E7B97E1C3E8E7300E6A488 /* Assets.xcassets */; };
		B5E7B9821C3E8E7300E6A488 /* LaunchScreen.storyboard in Resources */ = {isa = PBXBuildFile; fileRef = B5E7B9801C3E8E7300E6A488 /* LaunchScreen.storyboard */; };
/* End PBXBuildFile section */

/* Begin PBXFileReference section */
		B5E7B9691C3E8E7300E6A488 /* SwimFit2.0.app */ = {isa = PBXFileReference; explicitFileType = wrapper.application; includeInIndex = 0; path = SwimFit2.0.app; sourceTree = BUILT_PRODUCTS_DIR; };
		B5E7B96D1C3E8E7300E6A488 /* main.m */ = {isa = PBXFileReference; lastKnownFileType = sourcecode.c.objc; path = main.m; sourceTree = "<group>"; };
		B5E7B96F1C3E8E7300E6A488 /* AppDelegate.h */ = {isa = PBXFileReference; lastKnownFileType = sourcecode.c.h; path = AppDelegate.h; sourceTree = "<group>"; };
		B5E7B9701C3E8E7300E6A488 /* AppDelegate.m */ = {isa = PBXFileReference; lastKnownFileType = sourcecode.c.objc; path = AppDelegate.m; sourceTree = "<group>"; };
		B5E7B9721C3E8E7300E6A488 /* RootViewController.h */ = {isa = PBXFileReference; lastKnownFileType = sourcecode.c.h; path = RootViewController.h; sourceTree = "<group>"; };
		B5E7B9731C3E8E7300E6A488 /* RootViewController.m */ = {isa = PBXFileReference; lastKnownFileType = sourcecode.c.objc; path = RootViewController.m; sourceTree = "<group>"; };
		B5E7B9751C3E8E7300E6A488 /* DataViewController.h */ = {isa = PBXFileReference; lastKnownFileType = sourcecode.c.h; path = DataViewController.h; sourceTree = "<group>"; };
		B5E7B9761C3E8E7300E6A488 /* DataViewController.m */ = {isa = PBXFileReference; lastKnownFileType = sourcecode.c.objc; path = DataViewController.m; sourceTree = "<group>"; };
		B5E7B9781C3E8E7300E6A488 /* ModelController.h */ = {isa = PBXFileReference; lastKnownFileType = sourcecode.c.h; path = ModelController.h; sourceTree = "<group>"; };
		B5E7B9791C3E8E7300E6A488 /* ModelController.m */ = {isa = PBXFileReference; lastKnownFileType = sourcecode.c.objc; path = ModelController.m; sourceTree = "<group>"; };
		B5E7B97C1C3E8E7300E6A488 /* Base */ = {isa = PBXFileReference; lastKnownFileType = file.storyboard; name = Base; path = Base.lproj/Main.storyboard; sourceTree = "<group>"; };
		B5E7B97E1C3E8E7300E6A488 /* Assets.xcassets */ = {isa = PBXFileReference; lastKnownFileType = folder.assetcatalog; path = Assets.xcassets; sourceTree = "<group>"; };
		B5E7B9811C3E8E7300E6A488 /* Base */ = {isa = PBXFileReference; lastKnownFileType = file.storyboard; name = Base; path = Base.lproj/LaunchScreen.storyboard; sourceTree = "<group>"; };
		B5E7B9831C3E8E7300E6A488 /* Info.plist */ = {isa = PBXFileReference; lastKnownFileType = text.plist.xml; path = Info.plist; sourceTree = "<group>"; };
/* End PBXFileReference section */

/* Begin PBXFrameworksBuildPhase section */
		B5E7B9661C3E8E7300E6A488 /* Frameworks */ = {
			isa = PBXFrameworksBuildPhase;
			buildActionMask = 2147483647;
			files = (
			);
			runOnlyForDeploymentPostprocessing = 0;
		};
/* End PBXFrameworksBuildPhase section */

/* Begin PBXGroup section */
		B5E7B9601C3E8E7300E6A488 = {
			isa = PBXGroup;
			children = (
				B5E7B96B1C3E8E7300E6A488 /* SwimFit2.0 */,
				B5E7B96A1C3E8E7300E6A488 /* Products */,
			);
			sourceTree = "<group>";
		};
		B5E7B96A1C3E8E7300E6A488 /* Products */ = {
			isa = PBXGroup;
			children = (
				B5E7B9691C3E8E7300E6A488 /* SwimFit2.0.app */,
			);
			name = Products;
			sourceTree = "<group>";
		};
		B5E7B96B1C3E8E7300E6A488 /* SwimFit2.0 */ = {
			isa = PBXGroup;
			children = (
				B5E7B96F1C3E8E7300E6A488 /* AppDelegate.h */,
				B5E7B9701C3E8E7300E6A488 /* AppDelegate.m */,
				B5E7B9721C3E8E7300E6A488 /* RootViewController.h */,
				B5E7B9731C3E8E7300E6A488 /* RootViewController.m */,
				B5E7B9751C3E8E7300E6A488 /* DataViewController.h */,
				B5E7B9761C3E8E7300E6A488 /* DataViewController.m */,
				B5E7B9781C3E8E7300E6A488 /* ModelController.h */,
				B5E7B9791C3E8E7300E6A488 /* ModelController.m */,
				B5E7B97B1C3E8E7300E6A488 /* Main.storyboard */,
				B5E7B97E1C3E8E7300E6A488 /* Assets.xcassets */,
				B5E7B9801C3E8E7300E6A488 /* LaunchScreen.storyboard */,
				B5E7B9831C3E8E7300E6A488 /* Info.plist */,
				B5E7B96C1C3E8E7300E6A488 /* Supporting Files */,
			);
			path = SwimFit2.0;
			sourceTree = "<group>";
		};
		B5E7B96C1C3E8E7300E6A488 /* Supporting Files */ = {
			isa = PBXGroup;
			children = (
				B5E7B96D1C3E8E7300E6A488 /* main.m */,
			);
			name = "Supporting Files";
			sourceTree = "<group>";
		};
/* End PBXGroup section */

/* Begin PBXNativeTarget section */
		B5E7B9681C3E8E7300E6A488 /* SwimFit2.0 */ = {
			isa = PBXNativeTarget;
			buildConfigurationList = B5E7B9861C3E8E7300E6A488 /* Build configuration list for PBXNativeTarget "SwimFit2.0" */;
			buildPhases = (
				B5E7B9651C3E8E7300E6A488 /* Sources */,
				B5E7B9661C3E8E7300E6A488 /* Frameworks */,
				B5E7B9671C3E8E7300E6A488 /* Resources */,
			);
			buildRules = (
			);
			dependencies = (
			);
			name = SwimFit2.0;
			productName = SwimFit2.0;
			productReference = B5E7B9691C3E8E7300E6A488 /* SwimFit2.0.app */;
			productType = "com.apple.product-type.application";
		};
/* End PBXNativeTarget section */

/* Begin PBXProject section */
		B5E7B9611C3E8E7300E6A488 /* Project object */ = {
			isa = PBXProject;
			attributes = {
				LastUpgradeCheck = 0720;
				ORGANIZATIONNAME = "Franziska Schmidt";
				TargetAttributes = {
					B5E7B9681C3E8E7300E6A488 = {
						CreatedOnToolsVersion = 7.2;
					};
				};
			};
			buildConfigurationList = B5E7B9641C3E8E7300E6A488 /* Build configuration list for PBXProject "SwimFit2.0" */;
			compatibilityVersion = "Xcode 3.2";
			developmentRegion = English;
			hasScannedForEncodings = 0;
			knownRegions = (
				en,
				Base,
			);
			mainGroup = B5E7B9601C3E8E7300E6A488;
			productRefGroup = B5E7B96A1C3E8E7300E6A488 /* Products */;
			projectDirPath = "";
			projectRoot = "";
			targets = (
				B5E7B9681C3E8E7300E6A488 /* SwimFit2.0 */,
			);
		};
/* End PBXProject section */

/* Begin PBXResourcesBuildPhase section */
		B5E7B9671C3E8E7300E6A488 /* Resources */ = {
			isa = PBXResourcesBuildPhase;
			buildActionMask = 2147483647;
			files = (
				B5E7B9821C3E8E7300E6A488 /* LaunchScreen.storyboard in Resources */,
				B5E7B97F1C3E8E7300E6A488 /* Assets.xcassets in Resources */,
				B5E7B97D1C3E8E7300E6A488 /* Main.storyboard in Resources */,
			);
			runOnlyForDeploymentPostprocessing = 0;
		};
/* End PBXResourcesBuildPhase section */

/* Begin PBXSourcesBuildPhase section */
		B5E7B9651C3E8E7300E6A488 /* Sources */ = {
			isa = PBXSourcesBuildPhase;
			buildActionMask = 2147483647;
			files = (
				B5E7B9771C3E8E7300E6A488 /* DataViewController.m in Sources */,
				B5E7B9711C3E8E7300E6A488 /* AppDelegate.m in Sources */,
				B5E7B97A1C3E8E7300E6A488 /* ModelController.m in Sources */,
				B5E7B96E1C3E8E7300E6A488 /* main.m in Sources */,
				B5E7B9741C3E8E7300E6A488 /* RootViewController.m in Sources */,
			);
			runOnlyForDeploymentPostprocessing = 0;
		};
/* End PBXSourcesBuildPhase section */

/* Begin PBXVariantGroup section */
		B5E7B97B1C3E8E7300E6A488 /* Main.storyboard */ = {
			isa = PBXVariantGroup;
			children = (
				B5E7B97C1C3E8E7300E6A488 /* Base */,
			);
			name = Main.storyboard;
			sourceTree = "<group>";
		};
		B5E7B9801C3E8E7300E6A488 /* LaunchScreen.storyboard */ = {
			isa = PBXVariantGroup;
			children = (
				B5E7B9811C3E8E7300E6A488 /* Base */,
			);
			name = LaunchScreen.storyboard;
			sourceTree = "<group>";
		};
/* End PBXVariantGroup section */

/* Begin XCBuildConfiguration section */
		B5E7B9841C3E8E7300E6A488 /* Debug */ = {
			isa = XCBuildConfiguration;
			buildSettings = {
				ALWAYS_SEARCH_USER_PATHS = NO;
				CLANG_CXX_LANGUAGE_STANDARD = "gnu++0x";
				CLANG_CXX_LIBRARY = "libc++";
				CLANG_ENABLE_MODULES = YES;
				CLANG_ENABLE_OBJC_ARC = YES;
				CLANG_WARN_BOOL_CONVERSION = YES;
				CLANG_WARN_CONSTANT_CONVERSION = YES;
				CLANG_WARN_DIRECT_OBJC_ISA_USAGE = YES_ERROR;
				CLANG_WARN_EMPTY_BODY = YES;
				CLANG_WARN_ENUM_CONVERSION = YES;
				CLANG_WARN_INT_CONVERSION = YES;
				CLANG_WARN_OBJC_ROOT_CLASS = YES_ERROR;
				CLANG_WARN_UNREACHABLE_CODE = YES;
				CLANG_WARN__DUPLICATE_METHOD_MATCH = YES;
				"CODE_SIGN_IDENTITY[sdk=iphoneos*]" = "iPhone Developer";
				COPY_PHASE_STRIP = NO;
				DEBUG_INFORMATION_FORMAT = dwarf;
				ENABLE_STRICT_OBJC_MSGSEND = YES;
				ENABLE_TESTABILITY = YES;
				GCC_C_LANGUAGE_STANDARD = gnu99;
				GCC_DYNAMIC_NO_PIC = NO;
				GCC_NO_COMMON_BLOCKS = YES;
				GCC_OPTIMIZATION_LEVEL = 0;
				GCC_PREPROCESSOR_DEFINITIONS = (
					"DEBUG=1",
					"$(inherited)",
				);
				GCC_WARN_64_TO_32_BIT_CONVERSION = YES;
				GCC_WARN_ABOUT_RETURN_TYPE = YES_ERROR;
				GCC_WARN_UNDECLARED_SELECTOR = YES;
				GCC_WARN_UNINITIALIZED_AUTOS = YES_AGGRESSIVE;
				GCC_WARN_UNUSED_FUNCTION = YES;
				GCC_WARN_UNUSED_VARIABLE = YES;
				IPHONEOS_DEPLOYMENT_TARGET = 9.2;
				MTL_ENABLE_DEBUG_INFO = YES;
				ONLY_ACTIVE_ARCH = YES;
				SDKROOT = iphoneos;
			};
			name = Debug;
		};
		B5E7B9851C3E8E7300E6A488 /* Release */ = {
			isa = XCBuildConfiguration;
			buildSettings = {
				ALWAYS_SEARCH_USER_PATHS = NO;
				CLANG_CXX_LANGUAGE_STANDARD = "gnu++0x";
				CLANG_CXX_LIBRARY = "libc++";
				CLANG_ENABLE_MODULES = YES;
				CLANG_ENABLE_OBJC_ARC = YES;
				CLANG_WARN_BOOL_CONVERSION = YES;
				CLANG_WARN_CONSTANT_CONVERSION = YES;
				CLANG_WARN_DIRECT_OBJC_ISA_USAGE = YES_ERROR;
				CLANG_WARN_EMPTY_BODY = YES;
				CLANG_WARN_ENUM_CONVERSION = YES;
				CLANG_WARN_INT_CONVERSION = YES;
				CLANG_WARN_OBJC_ROOT_CLASS = YES_ERROR;
				CLANG_WARN_UNREACHABLE_CODE = YES;
				CLANG_WARN__DUPLICATE_METHOD_MATCH = YES;
				"CODE_SIGN_IDENTITY[sdk=iphoneos*]" = "iPhone Developer";
				COPY_PHASE_STRIP = NO;
				DEBUG_INFORMATION_FORMAT = "dwarf-with-dsym";
				ENABLE_NS_ASSERTIONS = NO;
				ENABLE_STRICT_OBJC_MSGSEND = YES;
				GCC_C_LANGUAGE_STANDARD = gnu99;
				GCC_NO_COMMON_BLOCKS = YES;
				GCC_WARN_64_TO_32_BIT_CONVERSION = YES;
				GCC_WARN_ABOUT_RETURN_TYPE = YES_ERROR;
				GCC_WARN_UNDECLARED_SELECTOR = YES;
				GCC_WARN_UNINITIALIZED_AUTOS = YES_AGGRESSIVE;
				GCC_WARN_UNUSED_FUNCTION = YES;
				GCC_WARN_UNUSED_VARIABLE = YES;
				IPHONEOS_DEPLOYMENT_TARGET = 9.2;
				MTL_ENABLE_DEBUG_INFO = NO;
				SDKROOT = iphoneos;
				VALIDATE_PRODUCT = YES;
			};
			name = Release;
		};
		B5E7B9871C3E8E7300E6A488 /* Debug */ = {
			isa = XCBuildConfiguration;
			buildSettings = {
				ASSETCATALOG_COMPILER_APPICON_NAME = AppIcon;
				INFOPLIST_FILE = SwimFit2.0/Info.plist;
				LD_RUNPATH_SEARCH_PATHS = "$(inherited) @executable_path/Frameworks";
				PRODUCT_BUNDLE_IDENTIFIER = "test2.SwimFit2-0";
				PRODUCT_NAME = "$(TARGET_NAME)";
			};
			name = Debug;
		};
		B5E7B9881C3E8E7300E6A488 /* Release */ = {
			isa = XCBuildConfiguration;
			buildSettings = {
				ASSETCATALOG_COMPILER_APPICON_NAME = AppIcon;
				INFOPLIST_FILE = SwimFit2.0/Info.plist;
				LD_RUNPATH_SEARCH_PATHS = "$(inherited) @executable_path/Frameworks";
				PRODUCT_BUNDLE_IDENTIFIER = "test2.SwimFit2-0";
				PRODUCT_NAME = "$(TARGET_NAME)";
			};
			name = Release;
		};
/* End XCBuildConfiguration section */

/* Begin XCConfigurationList section */
		B5E7B9641C3E8E7300E6A488 /* Build configuration list for PBXProject "SwimFit2.0" */ = {
			isa = XCConfigurationList;
			buildConfigurations = (
				B5E7B9841C3E8E7300E6A488 /* Debug */,
				B5E7B9851C3E8E7300E6A488 /* Release */,
			);
			defaultConfigurationIsVisible = 0;
			defaultConfigurationName = Release;
		};
		B5E7B9861C3E8E7300E6A488 /* Build configuration list for PBXNativeTarget "SwimFit2.0" */ = {
			isa = XCConfigurationList;
			buildConfigurations = (
				B5E7B9871C3E8E7300E6A488 /* Debug */,
				B5E7B9881C3E8E7300E6A488 /* Release */,
			);
			defaultConfigurationIsVisible = 0;
		};
/* End XCConfigurationList section */
	};
	rootObject = B5E7B9611C3E8E7300E6A488 /* Project object */;
}
