// !$*UTF8*$!
{
	archiveVersion = 1;
	classes = {
	};
	objectVersion = 46;
	objects = {

/* Begin PBXBuildFile section */
		B5E7B9971C3E90C300E6A488 /* main.m in Sources */ = {isa = PBXBuildFile; fileRef = B5E7B9961C3E90C300E6A488 /* main.m */; };
		B5E7B99A1C3E90C300E6A488 /* AppDelegate.m in Sources */ = {isa = PBXBuildFile; fileRef = B5E7B9991C3E90C300E6A488 /* AppDelegate.m */; };
		B5E7B99D1C3E90C300E6A488 /* ViewController.m in Sources */ = {isa = PBXBuildFile; fileRef = B5E7B99C1C3E90C300E6A488 /* ViewController.m */; };
		B5E7B9A01C3E90C300E6A488 /* Main.storyboard in Resources */ = {isa = PBXBuildFile; fileRef = B5E7B99E1C3E90C300E6A488 /* Main.storyboard */; };
		B5E7B9A21C3E90C300E6A488 /* Assets.xcassets in Resources */ = {isa = PBXBuildFile; fileRef = B5E7B9A11C3E90C300E6A488 /* Assets.xcassets */; };
		B5E7B9A51C3E90C300E6A488 /* LaunchScreen.storyboard in Resources */ = {isa = PBXBuildFile; fileRef = B5E7B9A31C3E90C300E6A488 /* LaunchScreen.storyboard */; };
/* End PBXBuildFile section */

/* Begin PBXFileReference section */
		B5E7B9921C3E90C300E6A488 /* SwimFit3.0.app */ = {isa = PBXFileReference; explicitFileType = wrapper.application; includeInIndex = 0; path = SwimFit3.0.app; sourceTree = BUILT_PRODUCTS_DIR; };
		B5E7B9961C3E90C300E6A488 /* main.m */ = {isa = PBXFileReference; lastKnownFileType = sourcecode.c.objc; path = main.m; sourceTree = "<group>"; };
		B5E7B9981C3E90C300E6A488 /* AppDelegate.h */ = {isa = PBXFileReference; lastKnownFileType = sourcecode.c.h; path = AppDelegate.h; sourceTree = "<group>"; };
		B5E7B9991C3E90C300E6A488 /* AppDelegate.m */ = {isa = PBXFileReference; lastKnownFileType = sourcecode.c.objc; path = AppDelegate.m; sourceTree = "<group>"; };
		B5E7B99B1C3E90C300E6A488 /* ViewController.h */ = {isa = PBXFileReference; lastKnownFileType = sourcecode.c.h; path = ViewController.h; sourceTree = "<group>"; };
		B5E7B99C1C3E90C300E6A488 /* ViewController.m */ = {isa = PBXFileReference; lastKnownFileType = sourcecode.c.objc; path = ViewController.m; sourceTree = "<group>"; };
		B5E7B99F1C3E90C300E6A488 /* Base */ = {isa = PBXFileReference; lastKnownFileType = file.storyboard; name = Base; path = Base.lproj/Main.storyboard; sourceTree = "<group>"; };
		B5E7B9A11C3E90C300E6A488 /* Assets.xcassets */ = {isa = PBXFileReference; lastKnownFileType = folder.assetcatalog; path = Assets.xcassets; sourceTree = "<group>"; };
		B5E7B9A41C3E90C300E6A488 /* Base */ = {isa = PBXFileReference; lastKnownFileType = file.storyboard; name = Base; path = Base.lproj/LaunchScreen.storyboard; sourceTree = "<group>"; };
		B5E7B9A61C3E90C300E6A488 /* Info.plist */ = {isa = PBXFileReference; lastKnownFileType = text.plist.xml; path = Info.plist; sourceTree = "<group>"; };
/* End PBXFileReference section */

/* Begin PBXFrameworksBuildPhase section */
		B5E7B98F1C3E90C300E6A488 /* Frameworks */ = {
			isa = PBXFrameworksBuildPhase;
			buildActionMask = 2147483647;
			files = (
			);
			runOnlyForDeploymentPostprocessing = 0;
		};
/* End PBXFrameworksBuildPhase section */

/* Begin PBXGroup section */
		B5E7B9891C3E90C300E6A488 = {
			isa = PBXGroup;
			children = (
				B5E7B9941C3E90C300E6A488 /* SwimFit3.0 */,
				B5E7B9931C3E90C300E6A488 /* Products */,
			);
			sourceTree = "<group>";
		};
		B5E7B9931C3E90C300E6A488 /* Products */ = {
			isa = PBXGroup;
			children = (
				B5E7B9921C3E90C300E6A488 /* SwimFit3.0.app */,
			);
			name = Products;
			sourceTree = "<group>";
		};
		B5E7B9941C3E90C300E6A488 /* SwimFit3.0 */ = {
			isa = PBXGroup;
			children = (
				B5E7B9981C3E90C300E6A488 /* AppDelegate.h */,
				B5E7B9991C3E90C300E6A488 /* AppDelegate.m */,
				B5E7B99B1C3E90C300E6A488 /* ViewController.h */,
				B5E7B99C1C3E90C300E6A488 /* ViewController.m */,
				B5E7B99E1C3E90C300E6A488 /* Main.storyboard */,
				B5E7B9A11C3E90C300E6A488 /* Assets.xcassets */,
				B5E7B9A31C3E90C300E6A488 /* LaunchScreen.storyboard */,
				B5E7B9A61C3E90C300E6A488 /* Info.plist */,
				B5E7B9951C3E90C300E6A488 /* Supporting Files */,
			);
			path = SwimFit3.0;
			sourceTree = "<group>";
		};
		B5E7B9951C3E90C300E6A488 /* Supporting Files */ = {
			isa = PBXGroup;
			children = (
				B5E7B9961C3E90C300E6A488 /* main.m */,
			);
			name = "Supporting Files";
			sourceTree = "<group>";
		};
/* End PBXGroup section */

/* Begin PBXNativeTarget section */
		B5E7B9911C3E90C300E6A488 /* SwimFit3.0 */ = {
			isa = PBXNativeTarget;
			buildConfigurationList = B5E7B9A91C3E90C300E6A488 /* Build configuration list for PBXNativeTarget "SwimFit3.0" */;
			buildPhases = (
				B5E7B98E1C3E90C300E6A488 /* Sources */,
				B5E7B98F1C3E90C300E6A488 /* Frameworks */,
				B5E7B9901C3E90C300E6A488 /* Resources */,
			);
			buildRules = (
			);
			dependencies = (
			);
			name = SwimFit3.0;
			productName = SwimFit3.0;
			productReference = B5E7B9921C3E90C300E6A488 /* SwimFit3.0.app */;
			productType = "com.apple.product-type.application";
		};
/* End PBXNativeTarget section */

/* Begin PBXProject section */
		B5E7B98A1C3E90C300E6A488 /* Project object */ = {
			isa = PBXProject;
			attributes = {
				LastUpgradeCheck = 0720;
				ORGANIZATIONNAME = "Franziska Schmidt";
				TargetAttributes = {
					B5E7B9911C3E90C300E6A488 = {
						CreatedOnToolsVersion = 7.2;
					};
				};
			};
			buildConfigurationList = B5E7B98D1C3E90C300E6A488 /* Build configuration list for PBXProject "SwimFit3.0" */;
			compatibilityVersion = "Xcode 3.2";
			developmentRegion = English;
			hasScannedForEncodings = 0;
			knownRegions = (
				en,
				Base,
			);
			mainGroup = B5E7B9891C3E90C300E6A488;
			productRefGroup = B5E7B9931C3E90C300E6A488 /* Products */;
			projectDirPath = "";
			projectRoot = "";
			targets = (
				B5E7B9911C3E90C300E6A488 /* SwimFit3.0 */,
			);
		};
/* End PBXProject section */

/* Begin PBXResourcesBuildPhase section */
		B5E7B9901C3E90C300E6A488 /* Resources */ = {
			isa = PBXResourcesBuildPhase;
			buildActionMask = 2147483647;
			files = (
				B5E7B9A51C3E90C300E6A488 /* LaunchScreen.storyboard in Resources */,
				B5E7B9A21C3E90C300E6A488 /* Assets.xcassets in Resources */,
				B5E7B9A01C3E90C300E6A488 /* Main.storyboard in Resources */,
			);
			runOnlyForDeploymentPostprocessing = 0;
		};
/* End PBXResourcesBuildPhase section */

/* Begin PBXSourcesBuildPhase section */
		B5E7B98E1C3E90C300E6A488 /* Sources */ = {
			isa = PBXSourcesBuildPhase;
			buildActionMask = 2147483647;
			files = (
				B5E7B99D1C3E90C300E6A488 /* ViewController.m in Sources */,
				B5E7B99A1C3E90C300E6A488 /* AppDelegate.m in Sources */,
				B5E7B9971C3E90C300E6A488 /* main.m in Sources */,
			);
			runOnlyForDeploymentPostprocessing = 0;
		};
/* End PBXSourcesBuildPhase section */

/* Begin PBXVariantGroup section */
		B5E7B99E1C3E90C300E6A488 /* Main.storyboard */ = {
			isa = PBXVariantGroup;
			children = (
				B5E7B99F1C3E90C300E6A488 /* Base */,
			);
			name = Main.storyboard;
			sourceTree = "<group>";
		};
		B5E7B9A31C3E90C300E6A488 /* LaunchScreen.storyboard */ = {
			isa = PBXVariantGroup;
			children = (
				B5E7B9A41C3E90C300E6A488 /* Base */,
			);
			name = LaunchScreen.storyboard;
			sourceTree = "<group>";
		};
/* End PBXVariantGroup section */

/* Begin XCBuildConfiguration section */
		B5E7B9A71C3E90C300E6A488 /* Debug */ = {
			isa = XCBuildConfiguration;
			buildSettings = {
				ALWAYS_SEARCH_USER_PATHS = NO;
				CLANG_CXX_LANGUAGE_STANDARD = "gnu++0x";
				CLANG_CXX_LIBRARY = "libc++";
				CLANG_ENABLE_MODULES = YES;
				CLANG_ENABLE_OBJC_ARC = YES;
				CLANG_WARN_BOOL_CONVERSION = YES;
				CLANG_WARN_CONSTANT_CONVERSION = YES;
				CLANG_WARN_DIRECT_OBJC_ISA_USAGE = YES_ERROR;
				CLANG_WARN_EMPTY_BODY = YES;
				CLANG_WARN_ENUM_CONVERSION = YES;
				CLANG_WARN_INT_CONVERSION = YES;
				CLANG_WARN_OBJC_ROOT_CLASS = YES_ERROR;
				CLANG_WARN_UNREACHABLE_CODE = YES;
				CLANG_WARN__DUPLICATE_METHOD_MATCH = YES;
				"CODE_SIGN_IDENTITY[sdk=iphoneos*]" = "iPhone Developer";
				COPY_PHASE_STRIP = NO;
				DEBUG_INFORMATION_FORMAT = dwarf;
				ENABLE_STRICT_OBJC_MSGSEND = YES;
				ENABLE_TESTABILITY = YES;
				GCC_C_LANGUAGE_STANDARD = gnu99;
				GCC_DYNAMIC_NO_PIC = NO;
				GCC_NO_COMMON_BLOCKS = YES;
				GCC_OPTIMIZATION_LEVEL = 0;
				GCC_PREPROCESSOR_DEFINITIONS = (
					"DEBUG=1",
					"$(inherited)",
				);
				GCC_WARN_64_TO_32_BIT_CONVERSION = YES;
				GCC_WARN_ABOUT_RETURN_TYPE = YES_ERROR;
				GCC_WARN_UNDECLARED_SELECTOR = YES;
				GCC_WARN_UNINITIALIZED_AUTOS = YES_AGGRESSIVE;
				GCC_WARN_UNUSED_FUNCTION = YES;
				GCC_WARN_UNUSED_VARIABLE = YES;
				IPHONEOS_DEPLOYMENT_TARGET = 9.2;
				MTL_ENABLE_DEBUG_INFO = YES;
				ONLY_ACTIVE_ARCH = YES;
				SDKROOT = iphoneos;
			};
			name = Debug;
		};
		B5E7B9A81C3E90C300E6A488 /* Release */ = {
			isa = XCBuildConfiguration;
			buildSettings = {
				ALWAYS_SEARCH_USER_PATHS = NO;
				CLANG_CXX_LANGUAGE_STANDARD = "gnu++0x";
				CLANG_CXX_LIBRARY = "libc++";
				CLANG_ENABLE_MODULES = YES;
				CLANG_ENABLE_OBJC_ARC = YES;
				CLANG_WARN_BOOL_CONVERSION = YES;
				CLANG_WARN_CONSTANT_CONVERSION = YES;
				CLANG_WARN_DIRECT_OBJC_ISA_USAGE = YES_ERROR;
				CLANG_WARN_EMPTY_BODY = YES;
				CLANG_WARN_ENUM_CONVERSION = YES;
				CLANG_WARN_INT_CONVERSION = YES;
				CLANG_WARN_OBJC_ROOT_CLASS = YES_ERROR;
				CLANG_WARN_UNREACHABLE_CODE = YES;
				CLANG_WARN__DUPLICATE_METHOD_MATCH = YES;
				"CODE_SIGN_IDENTITY[sdk=iphoneos*]" = "iPhone Developer";
				COPY_PHASE_STRIP = NO;
				DEBUG_INFORMATION_FORMAT = "dwarf-with-dsym";
				ENABLE_NS_ASSERTIONS = NO;
				ENABLE_STRICT_OBJC_MSGSEND = YES;
				GCC_C_LANGUAGE_STANDARD = gnu99;
				GCC_NO_COMMON_BLOCKS = YES;
				GCC_WARN_64_TO_32_BIT_CONVERSION = YES;
				GCC_WARN_ABOUT_RETURN_TYPE = YES_ERROR;
				GCC_WARN_UNDECLARED_SELECTOR = YES;
				GCC_WARN_UNINITIALIZED_AUTOS = YES_AGGRESSIVE;
				GCC_WARN_UNUSED_FUNCTION = YES;
				GCC_WARN_UNUSED_VARIABLE = YES;
				IPHONEOS_DEPLOYMENT_TARGET = 9.2;
				MTL_ENABLE_DEBUG_INFO = NO;
				SDKROOT = iphoneos;
				VALIDATE_PRODUCT = YES;
			};
			name = Release;
		};
		B5E7B9AA1C3E90C300E6A488 /* Debug */ = {
			isa = XCBuildConfiguration;
			buildSettings = {
				ASSETCATALOG_COMPILER_APPICON_NAME = AppIcon;
				INFOPLIST_FILE = SwimFit3.0/Info.plist;
				LD_RUNPATH_SEARCH_PATHS = "$(inherited) @executable_path/Frameworks";
				PRODUCT_BUNDLE_IDENTIFIER = "test2.SwimFit3-0";
				PRODUCT_NAME = "$(TARGET_NAME)";
			};
			name = Debug;
		};
		B5E7B9AB1C3E90C300E6A488 /* Release */ = {
			isa = XCBuildConfiguration;
			buildSettings = {
				ASSETCATALOG_COMPILER_APPICON_NAME = AppIcon;
				INFOPLIST_FILE = SwimFit3.0/Info.plist;
				LD_RUNPATH_SEARCH_PATHS = "$(inherited) @executable_path/Frameworks";
				PRODUCT_BUNDLE_IDENTIFIER = "test2.SwimFit3-0";
				PRODUCT_NAME = "$(TARGET_NAME)";
			};
			name = Release;
		};
/* End XCBuildConfiguration section */

/* Begin XCConfigurationList section */
		B5E7B98D1C3E90C300E6A488 /* Build configuration list for PBXProject "SwimFit3.0" */ = {
			isa = XCConfigurationList;
			buildConfigurations = (
				B5E7B9A71C3E90C300E6A488 /* Debug */,
				B5E7B9A81C3E90C300E6A488 /* Release */,
			);
			defaultConfigurationIsVisible = 0;
			defaultConfigurationName = Release;
		};
		B5E7B9A91C3E90C300E6A488 /* Build configuration list for PBXNativeTarget "SwimFit3.0" */ = {
			isa = XCConfigurationList;
			buildConfigurations = (
				B5E7B9AA1C3E90C300E6A488 /* Debug */,
				B5E7B9AB1C3E90C300E6A488 /* Release */,
			);
			defaultConfigurationIsVisible = 0;
		};
/* End XCConfigurationList section */
	};
	rootObject = B5E7B98A1C3E90C300E6A488 /* Project object */;
}
